// !$*UTF8*$!
{
	archiveVersion = 1;
	classes = {
	};
	objectVersion = 46;
	objects = {

/* Begin PBXBuildFile section */
		1CA0F4191CD61C110071754C /* AppDelegate.swift in Sources */ = {isa = PBXBuildFile; fileRef = 1CA0F4181CD61C110071754C /* AppDelegate.swift */; };
		1CA0F41B1CD61C110071754C /* ViewController.swift in Sources */ = {isa = PBXBuildFile; fileRef = 1CA0F41A1CD61C110071754C /* ViewController.swift */; };
		1CA0F41E1CD61C110071754C /* Main.storyboard in Resources */ = {isa = PBXBuildFile; fileRef = 1CA0F41C1CD61C110071754C /* Main.storyboard */; };
		1CA0F4201CD61C110071754C /* Assets.xcassets in Resources */ = {isa = PBXBuildFile; fileRef = 1CA0F41F1CD61C110071754C /* Assets.xcassets */; };
		1CA0F4231CD61C110071754C /* LaunchScreen.storyboard in Resources */ = {isa = PBXBuildFile; fileRef = 1CA0F4211CD61C110071754C /* LaunchScreen.storyboard */; };
		1CA0F42E1CD61C110071754C /* UIControlsTests.swift in Sources */ = {isa = PBXBuildFile; fileRef = 1CA0F42D1CD61C110071754C /* UIControlsTests.swift */; };
		1CA0F4391CD61C110071754C /* UIControlsUITests.swift in Sources */ = {isa = PBXBuildFile; fileRef = 1CA0F4381CD61C110071754C /* UIControlsUITests.swift */; };
		1CA0F44F1CD61CBB0071754C /* AppConsole.swift in Sources */ = {isa = PBXBuildFile; fileRef = 1CA0F44A1CD61CBB0071754C /* AppConsole.swift */; };
		1CA0F4501CD61CBB0071754C /* AppConsole.swift in Sources */ = {isa = PBXBuildFile; fileRef = 1CA0F44A1CD61CBB0071754C /* AppConsole.swift */; };
		1CA0F4511CD61CBB0071754C /* AppConsole.swift in Sources */ = {isa = PBXBuildFile; fileRef = 1CA0F44A1CD61CBB0071754C /* AppConsole.swift */; };
		1CA0F4521CD61CBB0071754C /* ConsoleRouter.swift in Sources */ = {isa = PBXBuildFile; fileRef = 1CA0F44B1CD61CBB0071754C /* ConsoleRouter.swift */; };
		1CA0F4531CD61CBB0071754C /* ConsoleRouter.swift in Sources */ = {isa = PBXBuildFile; fileRef = 1CA0F44B1CD61CBB0071754C /* ConsoleRouter.swift */; };
		1CA0F4541CD61CBB0071754C /* ConsoleRouter.swift in Sources */ = {isa = PBXBuildFile; fileRef = 1CA0F44B1CD61CBB0071754C /* ConsoleRouter.swift */; };
		1CA0F4551CD61CBB0071754C /* Extensions.swift in Sources */ = {isa = PBXBuildFile; fileRef = 1CA0F44C1CD61CBB0071754C /* Extensions.swift */; };
		1CA0F4561CD61CBB0071754C /* Extensions.swift in Sources */ = {isa = PBXBuildFile; fileRef = 1CA0F44C1CD61CBB0071754C /* Extensions.swift */; };
		1CA0F4571CD61CBB0071754C /* Extensions.swift in Sources */ = {isa = PBXBuildFile; fileRef = 1CA0F44C1CD61CBB0071754C /* Extensions.swift */; };
		1CA0F4581CD61CBB0071754C /* TypeHandler.swift in Sources */ = {isa = PBXBuildFile; fileRef = 1CA0F44D1CD61CBB0071754C /* TypeHandler.swift */; };
		1CA0F4591CD61CBB0071754C /* TypeHandler.swift in Sources */ = {isa = PBXBuildFile; fileRef = 1CA0F44D1CD61CBB0071754C /* TypeHandler.swift */; };
		1CA0F45A1CD61CBB0071754C /* TypeHandler.swift in Sources */ = {isa = PBXBuildFile; fileRef = 1CA0F44D1CD61CBB0071754C /* TypeHandler.swift */; };
		F89E26F8A001AF993034E13C /* Pods_UIControls.framework in Frameworks */ = {isa = PBXBuildFile; fileRef = A450A7AF5F5BC2803AE4D72C /* Pods_UIControls.framework */; };
/* End PBXBuildFile section */

/* Begin PBXContainerItemProxy section */
		1CA0F42A1CD61C110071754C /* PBXContainerItemProxy */ = {
			isa = PBXContainerItemProxy;
			containerPortal = 1CA0F40D1CD61C100071754C /* Project object */;
			proxyType = 1;
			remoteGlobalIDString = 1CA0F4141CD61C110071754C;
			remoteInfo = UIControls;
		};
		1CA0F4351CD61C110071754C /* PBXContainerItemProxy */ = {
			isa = PBXContainerItemProxy;
			containerPortal = 1CA0F40D1CD61C100071754C /* Project object */;
			proxyType = 1;
			remoteGlobalIDString = 1CA0F4141CD61C110071754C;
			remoteInfo = UIControls;
		};
/* End PBXContainerItemProxy section */

/* Begin PBXFileReference section */
		1CA0F4151CD61C110071754C /* UIControls.app */ = {isa = PBXFileReference; explicitFileType = wrapper.application; includeInIndex = 0; path = UIControls.app; sourceTree = BUILT_PRODUCTS_DIR; };
		1CA0F4181CD61C110071754C /* AppDelegate.swift */ = {isa = PBXFileReference; lastKnownFileType = sourcecode.swift; path = AppDelegate.swift; sourceTree = "<group>"; };
		1CA0F41A1CD61C110071754C /* ViewController.swift */ = {isa = PBXFileReference; lastKnownFileType = sourcecode.swift; path = ViewController.swift; sourceTree = "<group>"; };
		1CA0F41D1CD61C110071754C /* Base */ = {isa = PBXFileReference; lastKnownFileType = file.storyboard; name = Base; path = Base.lproj/Main.storyboard; sourceTree = "<group>"; };
		1CA0F41F1CD61C110071754C /* Assets.xcassets */ = {isa = PBXFileReference; lastKnownFileType = folder.assetcatalog; path = Assets.xcassets; sourceTree = "<group>"; };
		1CA0F4221CD61C110071754C /* Base */ = {isa = PBXFileReference; lastKnownFileType = file.storyboard; name = Base; path = Base.lproj/LaunchScreen.storyboard; sourceTree = "<group>"; };
		1CA0F4241CD61C110071754C /* Info.plist */ = {isa = PBXFileReference; lastKnownFileType = text.plist.xml; path = Info.plist; sourceTree = "<group>"; };
		1CA0F4291CD61C110071754C /* UIControlsTests.xctest */ = {isa = PBXFileReference; explicitFileType = wrapper.cfbundle; includeInIndex = 0; path = UIControlsTests.xctest; sourceTree = BUILT_PRODUCTS_DIR; };
		1CA0F42D1CD61C110071754C /* UIControlsTests.swift */ = {isa = PBXFileReference; lastKnownFileType = sourcecode.swift; path = UIControlsTests.swift; sourceTree = "<group>"; };
		1CA0F42F1CD61C110071754C /* Info.plist */ = {isa = PBXFileReference; lastKnownFileType = text.plist.xml; path = Info.plist; sourceTree = "<group>"; };
		1CA0F4341CD61C110071754C /* UIControlsUITests.xctest */ = {isa = PBXFileReference; explicitFileType = wrapper.cfbundle; includeInIndex = 0; path = UIControlsUITests.xctest; sourceTree = BUILT_PRODUCTS_DIR; };
		1CA0F4381CD61C110071754C /* UIControlsUITests.swift */ = {isa = PBXFileReference; lastKnownFileType = sourcecode.swift; path = UIControlsUITests.swift; sourceTree = "<group>"; };
		1CA0F43A1CD61C110071754C /* Info.plist */ = {isa = PBXFileReference; lastKnownFileType = text.plist.xml; path = Info.plist; sourceTree = "<group>"; };
		1CA0F4461CD61CA20071754C /* README.md */ = {isa = PBXFileReference; lastKnownFileType = net.daringfireball.markdown; path = README.md; sourceTree = "<group>"; };
		1CA0F44A1CD61CBB0071754C /* AppConsole.swift */ = {isa = PBXFileReference; fileEncoding = 4; lastKnownFileType = sourcecode.swift; path = AppConsole.swift; sourceTree = "<group>"; };
		1CA0F44B1CD61CBB0071754C /* ConsoleRouter.swift */ = {isa = PBXFileReference; fileEncoding = 4; lastKnownFileType = sourcecode.swift; path = ConsoleRouter.swift; sourceTree = "<group>"; };
		1CA0F44C1CD61CBB0071754C /* Extensions.swift */ = {isa = PBXFileReference; fileEncoding = 4; lastKnownFileType = sourcecode.swift; path = Extensions.swift; sourceTree = "<group>"; };
		1CA0F44D1CD61CBB0071754C /* TypeHandler.swift */ = {isa = PBXFileReference; fileEncoding = 4; lastKnownFileType = sourcecode.swift; path = TypeHandler.swift; sourceTree = "<group>"; };
		4959B192A0A7F192AFD480C4 /* Pods.framework */ = {isa = PBXFileReference; explicitFileType = wrapper.framework; includeInIndex = 0; path = Pods.framework; sourceTree = BUILT_PRODUCTS_DIR; };
		871965C2E801BC84B727C2F0 /* Pods-UIControls.debug.xcconfig */ = {isa = PBXFileReference; includeInIndex = 1; lastKnownFileType = text.xcconfig; name = "Pods-UIControls.debug.xcconfig"; path = "Pods/Target Support Files/Pods-UIControls/Pods-UIControls.debug.xcconfig"; sourceTree = "<group>"; };
		A450A7AF5F5BC2803AE4D72C /* Pods_UIControls.framework */ = {isa = PBXFileReference; explicitFileType = wrapper.framework; includeInIndex = 0; path = Pods_UIControls.framework; sourceTree = BUILT_PRODUCTS_DIR; };
		FA48342BCE555B9B8EB88AB5 /* Pods-UIControls.release.xcconfig */ = {isa = PBXFileReference; includeInIndex = 1; lastKnownFileType = text.xcconfig; name = "Pods-UIControls.release.xcconfig"; path = "Pods/Target Support Files/Pods-UIControls/Pods-UIControls.release.xcconfig"; sourceTree = "<group>"; };
/* End PBXFileReference section */

/* Begin PBXFrameworksBuildPhase section */
		1CA0F4121CD61C110071754C /* Frameworks */ = {
			isa = PBXFrameworksBuildPhase;
			buildActionMask = 2147483647;
			files = (
				F89E26F8A001AF993034E13C /* Pods_UIControls.framework in Frameworks */,
			);
			runOnlyForDeploymentPostprocessing = 0;
		};
		1CA0F4261CD61C110071754C /* Frameworks */ = {
			isa = PBXFrameworksBuildPhase;
			buildActionMask = 2147483647;
			files = (
			);
			runOnlyForDeploymentPostprocessing = 0;
		};
		1CA0F4311CD61C110071754C /* Frameworks */ = {
			isa = PBXFrameworksBuildPhase;
			buildActionMask = 2147483647;
			files = (
			);
			runOnlyForDeploymentPostprocessing = 0;
		};
/* End PBXFrameworksBuildPhase section */

/* Begin PBXGroup section */
		1CA0F40C1CD61C100071754C = {
			isa = PBXGroup;
			children = (
				1CA0F4461CD61CA20071754C /* README.md */,
				1CA0F4471CD61CBB0071754C /* AppConsole */,
				1CA0F4171CD61C110071754C /* UIControls */,
				1CA0F42C1CD61C110071754C /* UIControlsTests */,
				1CA0F4371CD61C110071754C /* UIControlsUITests */,
				1CA0F4161CD61C110071754C /* Products */,
				791E7C5D07DAF0EB9343C9C8 /* Frameworks */,
				644112F8578DD2557C4E5A81 /* Pods */,
			);
			sourceTree = "<group>";
		};
		1CA0F4161CD61C110071754C /* Products */ = {
			isa = PBXGroup;
			children = (
				1CA0F4151CD61C110071754C /* UIControls.app */,
				1CA0F4291CD61C110071754C /* UIControlsTests.xctest */,
				1CA0F4341CD61C110071754C /* UIControlsUITests.xctest */,
			);
			name = Products;
			sourceTree = "<group>";
		};
		1CA0F4171CD61C110071754C /* UIControls */ = {
			isa = PBXGroup;
			children = (
				1CA0F4181CD61C110071754C /* AppDelegate.swift */,
				1CA0F41A1CD61C110071754C /* ViewController.swift */,
				1CA0F41C1CD61C110071754C /* Main.storyboard */,
				1CA0F41F1CD61C110071754C /* Assets.xcassets */,
				1CA0F4211CD61C110071754C /* LaunchScreen.storyboard */,
				1CA0F4241CD61C110071754C /* Info.plist */,
			);
			path = UIControls;
			sourceTree = "<group>";
		};
		1CA0F42C1CD61C110071754C /* UIControlsTests */ = {
			isa = PBXGroup;
			children = (
				1CA0F42D1CD61C110071754C /* UIControlsTests.swift */,
				1CA0F42F1CD61C110071754C /* Info.plist */,
			);
			path = UIControlsTests;
			sourceTree = "<group>";
		};
		1CA0F4371CD61C110071754C /* UIControlsUITests */ = {
			isa = PBXGroup;
			children = (
				1CA0F4381CD61C110071754C /* UIControlsUITests.swift */,
				1CA0F43A1CD61C110071754C /* Info.plist */,
			);
			path = UIControlsUITests;
			sourceTree = "<group>";
		};
		1CA0F4471CD61CBB0071754C /* AppConsole */ = {
			isa = PBXGroup;
			children = (
				1CA0F4491CD61CBB0071754C /* Base */,
			);
			name = AppConsole;
			path = ../../AppConsole;
			sourceTree = "<group>";
		};
		1CA0F4491CD61CBB0071754C /* Base */ = {
			isa = PBXGroup;
			children = (
				1CA0F44A1CD61CBB0071754C /* AppConsole.swift */,
				1CA0F44B1CD61CBB0071754C /* ConsoleRouter.swift */,
				1CA0F44C1CD61CBB0071754C /* Extensions.swift */,
				1CA0F44D1CD61CBB0071754C /* TypeHandler.swift */,
			);
			path = Base;
			sourceTree = "<group>";
		};
		644112F8578DD2557C4E5A81 /* Pods */ = {
			isa = PBXGroup;
			children = (
				871965C2E801BC84B727C2F0 /* Pods-UIControls.debug.xcconfig */,
				FA48342BCE555B9B8EB88AB5 /* Pods-UIControls.release.xcconfig */,
			);
			name = Pods;
			sourceTree = "<group>";
		};
		791E7C5D07DAF0EB9343C9C8 /* Frameworks */ = {
			isa = PBXGroup;
			children = (
				4959B192A0A7F192AFD480C4 /* Pods.framework */,
				A450A7AF5F5BC2803AE4D72C /* Pods_UIControls.framework */,
			);
			name = Frameworks;
			sourceTree = "<group>";
		};
/* End PBXGroup section */

/* Begin PBXNativeTarget section */
		1CA0F4141CD61C110071754C /* UIControls */ = {
			isa = PBXNativeTarget;
			buildConfigurationList = 1CA0F43D1CD61C110071754C /* Build configuration list for PBXNativeTarget "UIControls" */;
			buildPhases = (
				2223EB9C09E1F3FAD7B3593C /* [CP] Check Pods Manifest.lock */,
				1CA0F4111CD61C110071754C /* Sources */,
				1CA0F4121CD61C110071754C /* Frameworks */,
				1CA0F4131CD61C110071754C /* Resources */,
				28D8FC121151E7B1B82305BA /* [CP] Embed Pods Frameworks */,
				D84CC532BA9F49A7B1533C6A /* [CP] Copy Pods Resources */,
			);
			buildRules = (
			);
			dependencies = (
			);
			name = UIControls;
			productName = UIControls;
			productReference = 1CA0F4151CD61C110071754C /* UIControls.app */;
			productType = "com.apple.product-type.application";
		};
		1CA0F4281CD61C110071754C /* UIControlsTests */ = {
			isa = PBXNativeTarget;
			buildConfigurationList = 1CA0F4401CD61C110071754C /* Build configuration list for PBXNativeTarget "UIControlsTests" */;
			buildPhases = (
				1CA0F4251CD61C110071754C /* Sources */,
				1CA0F4261CD61C110071754C /* Frameworks */,
				1CA0F4271CD61C110071754C /* Resources */,
			);
			buildRules = (
			);
			dependencies = (
				1CA0F42B1CD61C110071754C /* PBXTargetDependency */,
			);
			name = UIControlsTests;
			productName = UIControlsTests;
			productReference = 1CA0F4291CD61C110071754C /* UIControlsTests.xctest */;
			productType = "com.apple.product-type.bundle.unit-test";
		};
		1CA0F4331CD61C110071754C /* UIControlsUITests */ = {
			isa = PBXNativeTarget;
			buildConfigurationList = 1CA0F4431CD61C110071754C /* Build configuration list for PBXNativeTarget "UIControlsUITests" */;
			buildPhases = (
				1CA0F4301CD61C110071754C /* Sources */,
				1CA0F4311CD61C110071754C /* Frameworks */,
				1CA0F4321CD61C110071754C /* Resources */,
			);
			buildRules = (
			);
			dependencies = (
				1CA0F4361CD61C110071754C /* PBXTargetDependency */,
			);
			name = UIControlsUITests;
			productName = UIControlsUITests;
			productReference = 1CA0F4341CD61C110071754C /* UIControlsUITests.xctest */;
			productType = "com.apple.product-type.bundle.ui-testing";
		};
/* End PBXNativeTarget section */

/* Begin PBXProject section */
		1CA0F40D1CD61C100071754C /* Project object */ = {
			isa = PBXProject;
			attributes = {
				LastSwiftUpdateCheck = 0730;
				LastUpgradeCheck = 0730;
				ORGANIZATIONNAME = factorcat;
				TargetAttributes = {
					1CA0F4141CD61C110071754C = {
						CreatedOnToolsVersion = 7.3;
					};
					1CA0F4281CD61C110071754C = {
						CreatedOnToolsVersion = 7.3;
						TestTargetID = 1CA0F4141CD61C110071754C;
					};
					1CA0F4331CD61C110071754C = {
						CreatedOnToolsVersion = 7.3;
						TestTargetID = 1CA0F4141CD61C110071754C;
					};
				};
			};
			buildConfigurationList = 1CA0F4101CD61C100071754C /* Build configuration list for PBXProject "UIControls" */;
			compatibilityVersion = "Xcode 3.2";
			developmentRegion = English;
			hasScannedForEncodings = 0;
			knownRegions = (
				en,
				Base,
			);
			mainGroup = 1CA0F40C1CD61C100071754C;
			productRefGroup = 1CA0F4161CD61C110071754C /* Products */;
			projectDirPath = "";
			projectRoot = "";
			targets = (
				1CA0F4141CD61C110071754C /* UIControls */,
				1CA0F4281CD61C110071754C /* UIControlsTests */,
				1CA0F4331CD61C110071754C /* UIControlsUITests */,
			);
		};
/* End PBXProject section */

/* Begin PBXResourcesBuildPhase section */
		1CA0F4131CD61C110071754C /* Resources */ = {
			isa = PBXResourcesBuildPhase;
			buildActionMask = 2147483647;
			files = (
				1CA0F4231CD61C110071754C /* LaunchScreen.storyboard in Resources */,
				1CA0F4201CD61C110071754C /* Assets.xcassets in Resources */,
				1CA0F41E1CD61C110071754C /* Main.storyboard in Resources */,
			);
			runOnlyForDeploymentPostprocessing = 0;
		};
		1CA0F4271CD61C110071754C /* Resources */ = {
			isa = PBXResourcesBuildPhase;
			buildActionMask = 2147483647;
			files = (
			);
			runOnlyForDeploymentPostprocessing = 0;
		};
		1CA0F4321CD61C110071754C /* Resources */ = {
			isa = PBXResourcesBuildPhase;
			buildActionMask = 2147483647;
			files = (
			);
			runOnlyForDeploymentPostprocessing = 0;
		};
/* End PBXResourcesBuildPhase section */

/* Begin PBXShellScriptBuildPhase section */
		2223EB9C09E1F3FAD7B3593C /* [CP] Check Pods Manifest.lock */ = {
			isa = PBXShellScriptBuildPhase;
			buildActionMask = 2147483647;
			files = (
			);
			inputPaths = (
			);
			name = "[CP] Check Pods Manifest.lock";
			outputPaths = (
			);
			runOnlyForDeploymentPostprocessing = 0;
			shellPath = /bin/sh;
			shellScript = "diff \"${PODS_ROOT}/../Podfile.lock\" \"${PODS_ROOT}/Manifest.lock\" > /dev/null\nif [[ $? != 0 ]] ; then\n    cat << EOM\nerror: The sandbox is not in sync with the Podfile.lock. Run 'pod install' or update your CocoaPods installation.\nEOM\n    exit 1\nfi\n";
			showEnvVarsInLog = 0;
		};
		28D8FC121151E7B1B82305BA /* [CP] Embed Pods Frameworks */ = {
			isa = PBXShellScriptBuildPhase;
			buildActionMask = 2147483647;
			files = (
			);
			inputPaths = (
			);
			name = "[CP] Embed Pods Frameworks";
			outputPaths = (
			);
			runOnlyForDeploymentPostprocessing = 0;
			shellPath = /bin/sh;
			shellScript = "\"${SRCROOT}/Pods/Target Support Files/Pods-UIControls/Pods-UIControls-frameworks.sh\"\n";
			showEnvVarsInLog = 0;
		};
		D84CC532BA9F49A7B1533C6A /* [CP] Copy Pods Resources */ = {
			isa = PBXShellScriptBuildPhase;
			buildActionMask = 2147483647;
			files = (
			);
			inputPaths = (
			);
			name = "[CP] Copy Pods Resources";
			outputPaths = (
			);
			runOnlyForDeploymentPostprocessing = 0;
			shellPath = /bin/sh;
			shellScript = "\"${SRCROOT}/Pods/Target Support Files/Pods-UIControls/Pods-UIControls-resources.sh\"\n";
			showEnvVarsInLog = 0;
		};
/* End PBXShellScriptBuildPhase section */

/* Begin PBXSourcesBuildPhase section */
		1CA0F4111CD61C110071754C /* Sources */ = {
			isa = PBXSourcesBuildPhase;
			buildActionMask = 2147483647;
			files = (
				1CA0F4551CD61CBB0071754C /* Extensions.swift in Sources */,
				1CA0F41B1CD61C110071754C /* ViewController.swift in Sources */,
				1CA0F4581CD61CBB0071754C /* TypeHandler.swift in Sources */,
				1CA0F4191CD61C110071754C /* AppDelegate.swift in Sources */,
				1CA0F4521CD61CBB0071754C /* ConsoleRouter.swift in Sources */,
				1CA0F44F1CD61CBB0071754C /* AppConsole.swift in Sources */,
			);
			runOnlyForDeploymentPostprocessing = 0;
		};
		1CA0F4251CD61C110071754C /* Sources */ = {
			isa = PBXSourcesBuildPhase;
			buildActionMask = 2147483647;
			files = (
				1CA0F4531CD61CBB0071754C /* ConsoleRouter.swift in Sources */,
				1CA0F42E1CD61C110071754C /* UIControlsTests.swift in Sources */,
				1CA0F4501CD61CBB0071754C /* AppConsole.swift in Sources */,
				1CA0F4561CD61CBB0071754C /* Extensions.swift in Sources */,
				1CA0F4591CD61CBB0071754C /* TypeHandler.swift in Sources */,
			);
			runOnlyForDeploymentPostprocessing = 0;
		};
		1CA0F4301CD61C110071754C /* Sources */ = {
			isa = PBXSourcesBuildPhase;
			buildActionMask = 2147483647;
			files = (
				1CA0F4541CD61CBB0071754C /* ConsoleRouter.swift in Sources */,
				1CA0F4391CD61C110071754C /* UIControlsUITests.swift in Sources */,
				1CA0F4511CD61CBB0071754C /* AppConsole.swift in Sources */,
				1CA0F4571CD61CBB0071754C /* Extensions.swift in Sources */,
				1CA0F45A1CD61CBB0071754C /* TypeHandler.swift in Sources */,
			);
			runOnlyForDeploymentPostprocessing = 0;
		};
/* End PBXSourcesBuildPhase section */

/* Begin PBXTargetDependency section */
		1CA0F42B1CD61C110071754C /* PBXTargetDependency */ = {
			isa = PBXTargetDependency;
			target = 1CA0F4141CD61C110071754C /* UIControls */;
			targetProxy = 1CA0F42A1CD61C110071754C /* PBXContainerItemProxy */;
		};
		1CA0F4361CD61C110071754C /* PBXTargetDependency */ = {
			isa = PBXTargetDependency;
			target = 1CA0F4141CD61C110071754C /* UIControls */;
			targetProxy = 1CA0F4351CD61C110071754C /* PBXContainerItemProxy */;
		};
/* End PBXTargetDependency section */

/* Begin PBXVariantGroup section */
		1CA0F41C1CD61C110071754C /* Main.storyboard */ = {
			isa = PBXVariantGroup;
			children = (
				1CA0F41D1CD61C110071754C /* Base */,
			);
			name = Main.storyboard;
			sourceTree = "<group>";
		};
		1CA0F4211CD61C110071754C /* LaunchScreen.storyboard */ = {
			isa = PBXVariantGroup;
			children = (
				1CA0F4221CD61C110071754C /* Base */,
			);
			name = LaunchScreen.storyboard;
			sourceTree = "<group>";
		};
/* End PBXVariantGroup section */

/* Begin XCBuildConfiguration section */
		1CA0F43B1CD61C110071754C /* Debug */ = {
			isa = XCBuildConfiguration;
			buildSettings = {
				ALWAYS_SEARCH_USER_PATHS = NO;
				CLANG_ANALYZER_NONNULL = YES;
				CLANG_CXX_LANGUAGE_STANDARD = "gnu++0x";
				CLANG_CXX_LIBRARY = "libc++";
				CLANG_ENABLE_MODULES = YES;
				CLANG_ENABLE_OBJC_ARC = YES;
				CLANG_WARN_BOOL_CONVERSION = YES;
				CLANG_WARN_CONSTANT_CONVERSION = YES;
				CLANG_WARN_DIRECT_OBJC_ISA_USAGE = YES_ERROR;
				CLANG_WARN_EMPTY_BODY = YES;
				CLANG_WARN_ENUM_CONVERSION = YES;
				CLANG_WARN_INT_CONVERSION = YES;
				CLANG_WARN_OBJC_ROOT_CLASS = YES_ERROR;
				CLANG_WARN_UNREACHABLE_CODE = YES;
				CLANG_WARN__DUPLICATE_METHOD_MATCH = YES;
				"CODE_SIGN_IDENTITY[sdk=iphoneos*]" = "iPhone Developer";
				COPY_PHASE_STRIP = NO;
				DEBUG_INFORMATION_FORMAT = dwarf;
				ENABLE_STRICT_OBJC_MSGSEND = YES;
				ENABLE_TESTABILITY = YES;
				GCC_C_LANGUAGE_STANDARD = gnu99;
				GCC_DYNAMIC_NO_PIC = NO;
				GCC_NO_COMMON_BLOCKS = YES;
				GCC_OPTIMIZATION_LEVEL = 0;
				GCC_PREPROCESSOR_DEFINITIONS = (
					"DEBUG=1",
					"$(inherited)",
				);
				GCC_WARN_64_TO_32_BIT_CONVERSION = YES;
				GCC_WARN_ABOUT_RETURN_TYPE = YES_ERROR;
				GCC_WARN_UNDECLARED_SELECTOR = YES;
				GCC_WARN_UNINITIALIZED_AUTOS = YES_AGGRESSIVE;
				GCC_WARN_UNUSED_FUNCTION = YES;
				GCC_WARN_UNUSED_VARIABLE = YES;
				IPHONEOS_DEPLOYMENT_TARGET = 9.3;
				MTL_ENABLE_DEBUG_INFO = YES;
				ONLY_ACTIVE_ARCH = YES;
				SDKROOT = iphoneos;
				SWIFT_OPTIMIZATION_LEVEL = "-Onone";
				TARGETED_DEVICE_FAMILY = "1,2";
			};
			name = Debug;
		};
		1CA0F43C1CD61C110071754C /* Release */ = {
			isa = XCBuildConfiguration;
			buildSettings = {
				ALWAYS_SEARCH_USER_PATHS = NO;
				CLANG_ANALYZER_NONNULL = YES;
				CLANG_CXX_LANGUAGE_STANDARD = "gnu++0x";
				CLANG_CXX_LIBRARY = "libc++";
				CLANG_ENABLE_MODULES = YES;
				CLANG_ENABLE_OBJC_ARC = YES;
				CLANG_WARN_BOOL_CONVERSION = YES;
				CLANG_WARN_CONSTANT_CONVERSION = YES;
				CLANG_WARN_DIRECT_OBJC_ISA_USAGE = YES_ERROR;
				CLANG_WARN_EMPTY_BODY = YES;
				CLANG_WARN_ENUM_CONVERSION = YES;
				CLANG_WARN_INT_CONVERSION = YES;
				CLANG_WARN_OBJC_ROOT_CLASS = YES_ERROR;
				CLANG_WARN_UNREACHABLE_CODE = YES;
				CLANG_WARN__DUPLICATE_METHOD_MATCH = YES;
				"CODE_SIGN_IDENTITY[sdk=iphoneos*]" = "iPhone Developer";
				COPY_PHASE_STRIP = NO;
				DEBUG_INFORMATION_FORMAT = "dwarf-with-dsym";
				ENABLE_NS_ASSERTIONS = NO;
				ENABLE_STRICT_OBJC_MSGSEND = YES;
				GCC_C_LANGUAGE_STANDARD = gnu99;
				GCC_NO_COMMON_BLOCKS = YES;
				GCC_WARN_64_TO_32_BIT_CONVERSION = YES;
				GCC_WARN_ABOUT_RETURN_TYPE = YES_ERROR;
				GCC_WARN_UNDECLARED_SELECTOR = YES;
				GCC_WARN_UNINITIALIZED_AUTOS = YES_AGGRESSIVE;
				GCC_WARN_UNUSED_FUNCTION = YES;
				GCC_WARN_UNUSED_VARIABLE = YES;
				IPHONEOS_DEPLOYMENT_TARGET = 9.3;
				MTL_ENABLE_DEBUG_INFO = NO;
				SDKROOT = iphoneos;
				TARGETED_DEVICE_FAMILY = "1,2";
				VALIDATE_PRODUCT = YES;
			};
			name = Release;
		};
		1CA0F43E1CD61C110071754C /* Debug */ = {
			isa = XCBuildConfiguration;
			baseConfigurationReference = 871965C2E801BC84B727C2F0 /* Pods-UIControls.debug.xcconfig */;
			buildSettings = {
				ASSETCATALOG_COMPILER_APPICON_NAME = AppIcon;
				INFOPLIST_FILE = UIControls/Info.plist;
				LD_RUNPATH_SEARCH_PATHS = "$(inherited) @executable_path/Frameworks";
				PRODUCT_BUNDLE_IDENTIFIER = com.factor.UIControls;
				PRODUCT_NAME = "$(TARGET_NAME)";
			};
			name = Debug;
		};
		1CA0F43F1CD61C110071754C /* Release */ = {
			isa = XCBuildConfiguration;
			baseConfigurationReference = FA48342BCE555B9B8EB88AB5 /* Pods-UIControls.release.xcconfig */;
			buildSettings = {
				ASSETCATALOG_COMPILER_APPICON_NAME = AppIcon;
				INFOPLIST_FILE = UIControls/Info.plist;
				LD_RUNPATH_SEARCH_PATHS = "$(inherited) @executable_path/Frameworks";
				PRODUCT_BUNDLE_IDENTIFIER = com.factor.UIControls;
				PRODUCT_NAME = "$(TARGET_NAME)";
			};
			name = Release;
		};
		1CA0F4411CD61C110071754C /* Debug */ = {
			isa = XCBuildConfiguration;
			buildSettings = {
				BUNDLE_LOADER = "$(TEST_HOST)";
				INFOPLIST_FILE = UIControlsTests/Info.plist;
				LD_RUNPATH_SEARCH_PATHS = "$(inherited) @executable_path/Frameworks @loader_path/Frameworks";
				PRODUCT_BUNDLE_IDENTIFIER = com.factor.UIControlsTests;
				PRODUCT_NAME = "$(TARGET_NAME)";
				TEST_HOST = "$(BUILT_PRODUCTS_DIR)/UIControls.app/UIControls";
			};
			name = Debug;
		};
		1CA0F4421CD61C110071754C /* Release */ = {
			isa = XCBuildConfiguration;
			buildSettings = {
				BUNDLE_LOADER = "$(TEST_HOST)";
				INFOPLIST_FILE = UIControlsTests/Info.plist;
				LD_RUNPATH_SEARCH_PATHS = "$(inherited) @executable_path/Frameworks @loader_path/Frameworks";
				PRODUCT_BUNDLE_IDENTIFIER = com.factor.UIControlsTests;
				PRODUCT_NAME = "$(TARGET_NAME)";
				TEST_HOST = "$(BUILT_PRODUCTS_DIR)/UIControls.app/UIControls";
			};
			name = Release;
		};
		1CA0F4441CD61C110071754C /* Debug */ = {
			isa = XCBuildConfiguration;
			buildSettings = {
				INFOPLIST_FILE = UIControlsUITests/Info.plist;
				LD_RUNPATH_SEARCH_PATHS = "$(inherited) @executable_path/Frameworks @loader_path/Frameworks";
				PRODUCT_BUNDLE_IDENTIFIER = com.factor.UIControlsUITests;
				PRODUCT_NAME = "$(TARGET_NAME)";
				TEST_TARGET_NAME = UIControls;
			};
			name = Debug;
		};
		1CA0F4451CD61C110071754C /* Release */ = {
			isa = XCBuildConfiguration;
			buildSettings = {
				INFOPLIST_FILE = UIControlsUITests/Info.plist;
				LD_RUNPATH_SEARCH_PATHS = "$(inherited) @executable_path/Frameworks @loader_path/Frameworks";
				PRODUCT_BUNDLE_IDENTIFIER = com.factor.UIControlsUITests;
				PRODUCT_NAME = "$(TARGET_NAME)";
				TEST_TARGET_NAME = UIControls;
			};
			name = Release;
		};
/* End XCBuildConfiguration section */

/* Begin XCConfigurationList section */
		1CA0F4101CD61C100071754C /* Build configuration list for PBXProject "UIControls" */ = {
			isa = XCConfigurationList;
			buildConfigurations = (
				1CA0F43B1CD61C110071754C /* Debug */,
				1CA0F43C1CD61C110071754C /* Release */,
			);
			defaultConfigurationIsVisible = 0;
			defaultConfigurationName = Release;
		};
		1CA0F43D1CD61C110071754C /* Build configuration list for PBXNativeTarget "UIControls" */ = {
			isa = XCConfigurationList;
			buildConfigurations = (
				1CA0F43E1CD61C110071754C /* Debug */,
				1CA0F43F1CD61C110071754C /* Release */,
			);
			defaultConfigurationIsVisible = 0;
			defaultConfigurationName = Release;
		};
		1CA0F4401CD61C110071754C /* Build configuration list for PBXNativeTarget "UIControlsTests" */ = {
			isa = XCConfigurationList;
			buildConfigurations = (
				1CA0F4411CD61C110071754C /* Debug */,
				1CA0F4421CD61C110071754C /* Release */,
			);
			defaultConfigurationIsVisible = 0;
			defaultConfigurationName = Release;
		};
		1CA0F4431CD61C110071754C /* Build configuration list for PBXNativeTarget "UIControlsUITests" */ = {
			isa = XCConfigurationList;
			buildConfigurations = (
				1CA0F4441CD61C110071754C /* Debug */,
				1CA0F4451CD61C110071754C /* Release */,
			);
			defaultConfigurationIsVisible = 0;
			defaultConfigurationName = Release;
		};
/* End XCConfigurationList section */
	};
	rootObject = 1CA0F40D1CD61C100071754C /* Project object */;
}
