PODS:
  - AppConsole (0.2.12):
    - NetUtils
    - Swifter (= 1.1.4)
  - NetUtils (2.0.1)
  - Swifter (1.1.4)

DEPENDENCIES:
  - AppConsole

SPEC CHECKSUMS:
  AppConsole: 9c2b898d8e016b0eedd1821b29bdef3b6afcb322
  NetUtils: 5b2e30831df2e7db75962837324187a01a1c0c53
  Swifter: a95fe83da8c1161855cb2fa86bbd730e90cabe3a

PODFILE CHECKSUM: f54701cbb15511fd5a1a1c76dc1415e5a39d5241

COCOAPODS: 1.0.1
