// !$*UTF8*$!
{
	archiveVersion = 1;
	classes = {
	};
	objectVersion = 46;
	objects = {

/* Begin PBXBuildFile section */
		1CDBD85D1CB14B5F006E0105 /* AppDelegate.swift in Sources */ = {isa = PBXBuildFile; fileRef = 1CDBD85C1CB14B5F006E0105 /* AppDelegate.swift */; };
		1CDBD85F1CB14B5F006E0105 /* ViewController.swift in Sources */ = {isa = PBXBuildFile; fileRef = 1CDBD85E1CB14B5F006E0105 /* ViewController.swift */; };
		1CDBD8621CB14B5F006E0105 /* Main.storyboard in Resources */ = {isa = PBXBuildFile; fileRef = 1CDBD8601CB14B5F006E0105 /* Main.storyboard */; };
		1CDBD8641CB14B5F006E0105 /* Assets.xcassets in Resources */ = {isa = PBXBuildFile; fileRef = 1CDBD8631CB14B5F006E0105 /* Assets.xcassets */; };
		1CDBD8671CB14B5F006E0105 /* LaunchScreen.storyboard in Resources */ = {isa = PBXBuildFile; fileRef = 1CDBD8651CB14B5F006E0105 /* LaunchScreen.storyboard */; };
		1CDBD8721CB14B5F006E0105 /* TestPodTests.swift in Sources */ = {isa = PBXBuildFile; fileRef = 1CDBD8711CB14B5F006E0105 /* TestPodTests.swift */; };
		73272D3048C13F668A90FBF9 /* Pods_TestPod.framework in Frameworks */ = {isa = PBXBuildFile; fileRef = F61AB0763F4271B9E05461FC /* Pods_TestPod.framework */; };
/* End PBXBuildFile section */

/* Begin PBXContainerItemProxy section */
		1CDBD86E1CB14B5F006E0105 /* PBXContainerItemProxy */ = {
			isa = PBXContainerItemProxy;
			containerPortal = 1CDBD8511CB14B5F006E0105 /* Project object */;
			proxyType = 1;
			remoteGlobalIDString = 1CDBD8581CB14B5F006E0105;
			remoteInfo = TestPod;
		};
/* End PBXContainerItemProxy section */

/* Begin PBXFileReference section */
		1CDBD8591CB14B5F006E0105 /* TestPod.app */ = {isa = PBXFileReference; explicitFileType = wrapper.application; includeInIndex = 0; path = TestPod.app; sourceTree = BUILT_PRODUCTS_DIR; };
		1CDBD85C1CB14B5F006E0105 /* AppDelegate.swift */ = {isa = PBXFileReference; lastKnownFileType = sourcecode.swift; path = AppDelegate.swift; sourceTree = "<group>"; };
		1CDBD85E1CB14B5F006E0105 /* ViewController.swift */ = {isa = PBXFileReference; lastKnownFileType = sourcecode.swift; path = ViewController.swift; sourceTree = "<group>"; };
		1CDBD8611CB14B5F006E0105 /* Base */ = {isa = PBXFileReference; lastKnownFileType = file.storyboard; name = Base; path = Base.lproj/Main.storyboard; sourceTree = "<group>"; };
		1CDBD8631CB14B5F006E0105 /* Assets.xcassets */ = {isa = PBXFileReference; lastKnownFileType = folder.assetcatalog; path = Assets.xcassets; sourceTree = "<group>"; };
		1CDBD8661CB14B5F006E0105 /* Base */ = {isa = PBXFileReference; lastKnownFileType = file.storyboard; name = Base; path = Base.lproj/LaunchScreen.storyboard; sourceTree = "<group>"; };
		1CDBD8681CB14B5F006E0105 /* Info.plist */ = {isa = PBXFileReference; lastKnownFileType = text.plist.xml; path = Info.plist; sourceTree = "<group>"; };
		1CDBD86D1CB14B5F006E0105 /* TestPodTests.xctest */ = {isa = PBXFileReference; explicitFileType = wrapper.cfbundle; includeInIndex = 0; path = TestPodTests.xctest; sourceTree = BUILT_PRODUCTS_DIR; };
		1CDBD8711CB14B5F006E0105 /* TestPodTests.swift */ = {isa = PBXFileReference; lastKnownFileType = sourcecode.swift; path = TestPodTests.swift; sourceTree = "<group>"; };
		1CDBD8731CB14B5F006E0105 /* Info.plist */ = {isa = PBXFileReference; lastKnownFileType = text.plist.xml; path = Info.plist; sourceTree = "<group>"; };
		9E1F47BE8E64A0FBDB1848E7 /* Pods-TestPod.debug.xcconfig */ = {isa = PBXFileReference; includeInIndex = 1; lastKnownFileType = text.xcconfig; name = "Pods-TestPod.debug.xcconfig"; path = "Pods/Target Support Files/Pods-TestPod/Pods-TestPod.debug.xcconfig"; sourceTree = "<group>"; };
		E87997D8F717E718B36C3CAC /* Pods.framework */ = {isa = PBXFileReference; explicitFileType = wrapper.framework; includeInIndex = 0; path = Pods.framework; sourceTree = BUILT_PRODUCTS_DIR; };
		F34AFC17544FB03F5D87829C /* Pods-TestPod.release.xcconfig */ = {isa = PBXFileReference; includeInIndex = 1; lastKnownFileType = text.xcconfig; name = "Pods-TestPod.release.xcconfig"; path = "Pods/Target Support Files/Pods-TestPod/Pods-TestPod.release.xcconfig"; sourceTree = "<group>"; };
		F61AB0763F4271B9E05461FC /* Pods_TestPod.framework */ = {isa = PBXFileReference; explicitFileType = wrapper.framework; includeInIndex = 0; path = Pods_TestPod.framework; sourceTree = BUILT_PRODUCTS_DIR; };
/* End PBXFileReference section */

/* Begin PBXFrameworksBuildPhase section */
		1CDBD8561CB14B5F006E0105 /* Frameworks */ = {
			isa = PBXFrameworksBuildPhase;
			buildActionMask = 2147483647;
			files = (
				73272D3048C13F668A90FBF9 /* Pods_TestPod.framework in Frameworks */,
			);
			runOnlyForDeploymentPostprocessing = 0;
		};
		1CDBD86A1CB14B5F006E0105 /* Frameworks */ = {
			isa = PBXFrameworksBuildPhase;
			buildActionMask = 2147483647;
			files = (
			);
			runOnlyForDeploymentPostprocessing = 0;
		};
/* End PBXFrameworksBuildPhase section */

/* Begin PBXGroup section */
		1CDBD8501CB14B5F006E0105 = {
			isa = PBXGroup;
			children = (
				1CDBD85B1CB14B5F006E0105 /* TestPod */,
				1CDBD8701CB14B5F006E0105 /* TestPodTests */,
				1CDBD85A1CB14B5F006E0105 /* Products */,
				F8FACAB1EB8FA6529C28D704 /* Frameworks */,
				2355FFD79959D69425FA4C70 /* Pods */,
			);
			sourceTree = "<group>";
		};
		1CDBD85A1CB14B5F006E0105 /* Products */ = {
			isa = PBXGroup;
			children = (
				1CDBD8591CB14B5F006E0105 /* TestPod.app */,
				1CDBD86D1CB14B5F006E0105 /* TestPodTests.xctest */,
			);
			name = Products;
			sourceTree = "<group>";
		};
		1CDBD85B1CB14B5F006E0105 /* TestPod */ = {
			isa = PBXGroup;
			children = (
				1CDBD85C1CB14B5F006E0105 /* AppDelegate.swift */,
				1CDBD85E1CB14B5F006E0105 /* ViewController.swift */,
				1CDBD8601CB14B5F006E0105 /* Main.storyboard */,
				1CDBD8631CB14B5F006E0105 /* Assets.xcassets */,
				1CDBD8651CB14B5F006E0105 /* LaunchScreen.storyboard */,
				1CDBD8681CB14B5F006E0105 /* Info.plist */,
			);
			path = TestPod;
			sourceTree = "<group>";
		};
		1CDBD8701CB14B5F006E0105 /* TestPodTests */ = {
			isa = PBXGroup;
			children = (
				1CDBD8711CB14B5F006E0105 /* TestPodTests.swift */,
				1CDBD8731CB14B5F006E0105 /* Info.plist */,
			);
			path = TestPodTests;
			sourceTree = "<group>";
		};
		2355FFD79959D69425FA4C70 /* Pods */ = {
			isa = PBXGroup;
			children = (
				9E1F47BE8E64A0FBDB1848E7 /* Pods-TestPod.debug.xcconfig */,
				F34AFC17544FB03F5D87829C /* Pods-TestPod.release.xcconfig */,
			);
			name = Pods;
			sourceTree = "<group>";
		};
		F8FACAB1EB8FA6529C28D704 /* Frameworks */ = {
			isa = PBXGroup;
			children = (
				E87997D8F717E718B36C3CAC /* Pods.framework */,
				F61AB0763F4271B9E05461FC /* Pods_TestPod.framework */,
			);
			name = Frameworks;
			sourceTree = "<group>";
		};
/* End PBXGroup section */

/* Begin PBXNativeTarget section */
		1CDBD8581CB14B5F006E0105 /* TestPod */ = {
			isa = PBXNativeTarget;
			buildConfigurationList = 1CDBD8761CB14B5F006E0105 /* Build configuration list for PBXNativeTarget "TestPod" */;
			buildPhases = (
				6603C42AFD0E67A0DD348454 /* [CP] Check Pods Manifest.lock */,
				1CDBD8551CB14B5F006E0105 /* Sources */,
				1CDBD8561CB14B5F006E0105 /* Frameworks */,
				1CDBD8571CB14B5F006E0105 /* Resources */,
				A28BDD0C41BA3509C24DA0C2 /* [CP] Embed Pods Frameworks */,
				5AFB0DA250839F105EAF4D1A /* [CP] Copy Pods Resources */,
			);
			buildRules = (
			);
			dependencies = (
			);
			name = TestPod;
			productName = TestPod;
			productReference = 1CDBD8591CB14B5F006E0105 /* TestPod.app */;
			productType = "com.apple.product-type.application";
		};
		1CDBD86C1CB14B5F006E0105 /* TestPodTests */ = {
			isa = PBXNativeTarget;
			buildConfigurationList = 1CDBD8791CB14B5F006E0105 /* Build configuration list for PBXNativeTarget "TestPodTests" */;
			buildPhases = (
				1CDBD8691CB14B5F006E0105 /* Sources */,
				1CDBD86A1CB14B5F006E0105 /* Frameworks */,
				1CDBD86B1CB14B5F006E0105 /* Resources */,
			);
			buildRules = (
			);
			dependencies = (
				1CDBD86F1CB14B5F006E0105 /* PBXTargetDependency */,
			);
			name = TestPodTests;
			productName = TestPodTests;
			productReference = 1CDBD86D1CB14B5F006E0105 /* TestPodTests.xctest */;
			productType = "com.apple.product-type.bundle.unit-test";
		};
/* End PBXNativeTarget section */

/* Begin PBXProject section */
		1CDBD8511CB14B5F006E0105 /* Project object */ = {
			isa = PBXProject;
			attributes = {
				LastSwiftUpdateCheck = 0730;
				LastUpgradeCheck = 0730;
				ORGANIZATIONNAME = factorcat;
				TargetAttributes = {
					1CDBD8581CB14B5F006E0105 = {
						CreatedOnToolsVersion = 7.3;
					};
					1CDBD86C1CB14B5F006E0105 = {
						CreatedOnToolsVersion = 7.3;
						TestTargetID = 1CDBD8581CB14B5F006E0105;
					};
				};
			};
			buildConfigurationList = 1CDBD8541CB14B5F006E0105 /* Build configuration list for PBXProject "TestPod" */;
			compatibilityVersion = "Xcode 3.2";
			developmentRegion = English;
			hasScannedForEncodings = 0;
			knownRegions = (
				en,
				Base,
			);
			mainGroup = 1CDBD8501CB14B5F006E0105;
			productRefGroup = 1CDBD85A1CB14B5F006E0105 /* Products */;
			projectDirPath = "";
			projectRoot = "";
			targets = (
				1CDBD8581CB14B5F006E0105 /* TestPod */,
				1CDBD86C1CB14B5F006E0105 /* TestPodTests */,
			);
		};
/* End PBXProject section */

/* Begin PBXResourcesBuildPhase section */
		1CDBD8571CB14B5F006E0105 /* Resources */ = {
			isa = PBXResourcesBuildPhase;
			buildActionMask = 2147483647;
			files = (
				1CDBD8671CB14B5F006E0105 /* LaunchScreen.storyboard in Resources */,
				1CDBD8641CB14B5F006E0105 /* Assets.xcassets in Resources */,
				1CDBD8621CB14B5F006E0105 /* Main.storyboard in Resources */,
			);
			runOnlyForDeploymentPostprocessing = 0;
		};
		1CDBD86B1CB14B5F006E0105 /* Resources */ = {
			isa = PBXResourcesBuildPhase;
			buildActionMask = 2147483647;
			files = (
			);
			runOnlyForDeploymentPostprocessing = 0;
		};
/* End PBXResourcesBuildPhase section */

/* Begin PBXShellScriptBuildPhase section */
		5AFB0DA250839F105EAF4D1A /* [CP] Copy Pods Resources */ = {
			isa = PBXShellScriptBuildPhase;
			buildActionMask = 2147483647;
			files = (
			);
			inputPaths = (
			);
			name = "[CP] Copy Pods Resources";
			outputPaths = (
			);
			runOnlyForDeploymentPostprocessing = 0;
			shellPath = /bin/sh;
			shellScript = "\"${SRCROOT}/Pods/Target Support Files/Pods-TestPod/Pods-TestPod-resources.sh\"\n";
			showEnvVarsInLog = 0;
		};
		6603C42AFD0E67A0DD348454 /* [CP] Check Pods Manifest.lock */ = {
			isa = PBXShellScriptBuildPhase;
			buildActionMask = 2147483647;
			files = (
			);
			inputPaths = (
			);
			name = "[CP] Check Pods Manifest.lock";
			outputPaths = (
			);
			runOnlyForDeploymentPostprocessing = 0;
			shellPath = /bin/sh;
			shellScript = "diff \"${PODS_ROOT}/../Podfile.lock\" \"${PODS_ROOT}/Manifest.lock\" > /dev/null\nif [[ $? != 0 ]] ; then\n    cat << EOM\nerror: The sandbox is not in sync with the Podfile.lock. Run 'pod install' or update your CocoaPods installation.\nEOM\n    exit 1\nfi\n";
			showEnvVarsInLog = 0;
		};
		A28BDD0C41BA3509C24DA0C2 /* [CP] Embed Pods Frameworks */ = {
			isa = PBXShellScriptBuildPhase;
			buildActionMask = 2147483647;
			files = (
			);
			inputPaths = (
			);
			name = "[CP] Embed Pods Frameworks";
			outputPaths = (
			);
			runOnlyForDeploymentPostprocessing = 0;
			shellPath = /bin/sh;
			shellScript = "\"${SRCROOT}/Pods/Target Support Files/Pods-TestPod/Pods-TestPod-frameworks.sh\"\n";
			showEnvVarsInLog = 0;
		};
/* End PBXShellScriptBuildPhase section */

/* Begin PBXSourcesBuildPhase section */
		1CDBD8551CB14B5F006E0105 /* Sources */ = {
			isa = PBXSourcesBuildPhase;
			buildActionMask = 2147483647;
			files = (
				1CDBD85F1CB14B5F006E0105 /* ViewController.swift in Sources */,
				1CDBD85D1CB14B5F006E0105 /* AppDelegate.swift in Sources */,
			);
			runOnlyForDeploymentPostprocessing = 0;
		};
		1CDBD8691CB14B5F006E0105 /* Sources */ = {
			isa = PBXSourcesBuildPhase;
			buildActionMask = 2147483647;
			files = (
				1CDBD8721CB14B5F006E0105 /* TestPodTests.swift in Sources */,
			);
			runOnlyForDeploymentPostprocessing = 0;
		};
/* End PBXSourcesBuildPhase section */

/* Begin PBXTargetDependency section */
		1CDBD86F1CB14B5F006E0105 /* PBXTargetDependency */ = {
			isa = PBXTargetDependency;
			target = 1CDBD8581CB14B5F006E0105 /* TestPod */;
			targetProxy = 1CDBD86E1CB14B5F006E0105 /* PBXContainerItemProxy */;
		};
/* End PBXTargetDependency section */

/* Begin PBXVariantGroup section */
		1CDBD8601CB14B5F006E0105 /* Main.storyboard */ = {
			isa = PBXVariantGroup;
			children = (
				1CDBD8611CB14B5F006E0105 /* Base */,
			);
			name = Main.storyboard;
			sourceTree = "<group>";
		};
		1CDBD8651CB14B5F006E0105 /* LaunchScreen.storyboard */ = {
			isa = PBXVariantGroup;
			children = (
				1CDBD8661CB14B5F006E0105 /* Base */,
			);
			name = LaunchScreen.storyboard;
			sourceTree = "<group>";
		};
/* End PBXVariantGroup section */

/* Begin XCBuildConfiguration section */
		1CDBD8741CB14B5F006E0105 /* Debug */ = {
			isa = XCBuildConfiguration;
			buildSettings = {
				ALWAYS_SEARCH_USER_PATHS = NO;
				CLANG_ANALYZER_NONNULL = YES;
				CLANG_CXX_LANGUAGE_STANDARD = "gnu++0x";
				CLANG_CXX_LIBRARY = "libc++";
				CLANG_ENABLE_MODULES = YES;
				CLANG_ENABLE_OBJC_ARC = YES;
				CLANG_WARN_BOOL_CONVERSION = YES;
				CLANG_WARN_CONSTANT_CONVERSION = YES;
				CLANG_WARN_DIRECT_OBJC_ISA_USAGE = YES_ERROR;
				CLANG_WARN_EMPTY_BODY = YES;
				CLANG_WARN_ENUM_CONVERSION = YES;
				CLANG_WARN_INT_CONVERSION = YES;
				CLANG_WARN_OBJC_ROOT_CLASS = YES_ERROR;
				CLANG_WARN_UNREACHABLE_CODE = YES;
				CLANG_WARN__DUPLICATE_METHOD_MATCH = YES;
				"CODE_SIGN_IDENTITY[sdk=iphoneos*]" = "iPhone Developer";
				COPY_PHASE_STRIP = NO;
				DEBUG_INFORMATION_FORMAT = dwarf;
				ENABLE_STRICT_OBJC_MSGSEND = YES;
				ENABLE_TESTABILITY = YES;
				GCC_C_LANGUAGE_STANDARD = gnu99;
				GCC_DYNAMIC_NO_PIC = NO;
				GCC_NO_COMMON_BLOCKS = YES;
				GCC_OPTIMIZATION_LEVEL = 0;
				GCC_PREPROCESSOR_DEFINITIONS = (
					"DEBUG=1",
					"$(inherited)",
				);
				GCC_WARN_64_TO_32_BIT_CONVERSION = YES;
				GCC_WARN_ABOUT_RETURN_TYPE = YES_ERROR;
				GCC_WARN_UNDECLARED_SELECTOR = YES;
				GCC_WARN_UNINITIALIZED_AUTOS = YES_AGGRESSIVE;
				GCC_WARN_UNUSED_FUNCTION = YES;
				GCC_WARN_UNUSED_VARIABLE = YES;
				IPHONEOS_DEPLOYMENT_TARGET = 9.3;
				MTL_ENABLE_DEBUG_INFO = YES;
				ONLY_ACTIVE_ARCH = YES;
				SDKROOT = iphoneos;
				SWIFT_OPTIMIZATION_LEVEL = "-Onone";
				TARGETED_DEVICE_FAMILY = "1,2";
			};
			name = Debug;
		};
		1CDBD8751CB14B5F006E0105 /* Release */ = {
			isa = XCBuildConfiguration;
			buildSettings = {
				ALWAYS_SEARCH_USER_PATHS = NO;
				CLANG_ANALYZER_NONNULL = YES;
				CLANG_CXX_LANGUAGE_STANDARD = "gnu++0x";
				CLANG_CXX_LIBRARY = "libc++";
				CLANG_ENABLE_MODULES = YES;
				CLANG_ENABLE_OBJC_ARC = YES;
				CLANG_WARN_BOOL_CONVERSION = YES;
				CLANG_WARN_CONSTANT_CONVERSION = YES;
				CLANG_WARN_DIRECT_OBJC_ISA_USAGE = YES_ERROR;
				CLANG_WARN_EMPTY_BODY = YES;
				CLANG_WARN_ENUM_CONVERSION = YES;
				CLANG_WARN_INT_CONVERSION = YES;
				CLANG_WARN_OBJC_ROOT_CLASS = YES_ERROR;
				CLANG_WARN_UNREACHABLE_CODE = YES;
				CLANG_WARN__DUPLICATE_METHOD_MATCH = YES;
				"CODE_SIGN_IDENTITY[sdk=iphoneos*]" = "iPhone Developer";
				COPY_PHASE_STRIP = NO;
				DEBUG_INFORMATION_FORMAT = "dwarf-with-dsym";
				ENABLE_NS_ASSERTIONS = NO;
				ENABLE_STRICT_OBJC_MSGSEND = YES;
				GCC_C_LANGUAGE_STANDARD = gnu99;
				GCC_NO_COMMON_BLOCKS = YES;
				GCC_WARN_64_TO_32_BIT_CONVERSION = YES;
				GCC_WARN_ABOUT_RETURN_TYPE = YES_ERROR;
				GCC_WARN_UNDECLARED_SELECTOR = YES;
				GCC_WARN_UNINITIALIZED_AUTOS = YES_AGGRESSIVE;
				GCC_WARN_UNUSED_FUNCTION = YES;
				GCC_WARN_UNUSED_VARIABLE = YES;
				IPHONEOS_DEPLOYMENT_TARGET = 9.3;
				MTL_ENABLE_DEBUG_INFO = NO;
				SDKROOT = iphoneos;
				TARGETED_DEVICE_FAMILY = "1,2";
				VALIDATE_PRODUCT = YES;
			};
			name = Release;
		};
		1CDBD8771CB14B5F006E0105 /* Debug */ = {
			isa = XCBuildConfiguration;
			baseConfigurationReference = 9E1F47BE8E64A0FBDB1848E7 /* Pods-TestPod.debug.xcconfig */;
			buildSettings = {
				ASSETCATALOG_COMPILER_APPICON_NAME = AppIcon;
				INFOPLIST_FILE = TestPod/Info.plist;
				LD_RUNPATH_SEARCH_PATHS = "$(inherited) @executable_path/Frameworks";
				PRODUCT_BUNDLE_IDENTIFIER = com.factor.TestPod;
				PRODUCT_NAME = "$(TARGET_NAME)";
			};
			name = Debug;
		};
		1CDBD8781CB14B5F006E0105 /* Release */ = {
			isa = XCBuildConfiguration;
			baseConfigurationReference = F34AFC17544FB03F5D87829C /* Pods-TestPod.release.xcconfig */;
			buildSettings = {
				ASSETCATALOG_COMPILER_APPICON_NAME = AppIcon;
				INFOPLIST_FILE = TestPod/Info.plist;
				LD_RUNPATH_SEARCH_PATHS = "$(inherited) @executable_path/Frameworks";
				PRODUCT_BUNDLE_IDENTIFIER = com.factor.TestPod;
				PRODUCT_NAME = "$(TARGET_NAME)";
			};
			name = Release;
		};
		1CDBD87A1CB14B5F006E0105 /* Debug */ = {
			isa = XCBuildConfiguration;
			buildSettings = {
				BUNDLE_LOADER = "$(TEST_HOST)";
				INFOPLIST_FILE = TestPodTests/Info.plist;
				LD_RUNPATH_SEARCH_PATHS = "$(inherited) @executable_path/Frameworks @loader_path/Frameworks";
				PRODUCT_BUNDLE_IDENTIFIER = com.factor.TestPodTests;
				PRODUCT_NAME = "$(TARGET_NAME)";
				TEST_HOST = "$(BUILT_PRODUCTS_DIR)/TestPod.app/TestPod";
			};
			name = Debug;
		};
		1CDBD87B1CB14B5F006E0105 /* Release */ = {
			isa = XCBuildConfiguration;
			buildSettings = {
				BUNDLE_LOADER = "$(TEST_HOST)";
				INFOPLIST_FILE = TestPodTests/Info.plist;
				LD_RUNPATH_SEARCH_PATHS = "$(inherited) @executable_path/Frameworks @loader_path/Frameworks";
				PRODUCT_BUNDLE_IDENTIFIER = com.factor.TestPodTests;
				PRODUCT_NAME = "$(TARGET_NAME)";
				TEST_HOST = "$(BUILT_PRODUCTS_DIR)/TestPod.app/TestPod";
			};
			name = Release;
		};
/* End XCBuildConfiguration section */

/* Begin XCConfigurationList section */
		1CDBD8541CB14B5F006E0105 /* Build configuration list for PBXProject "TestPod" */ = {
			isa = XCConfigurationList;
			buildConfigurations = (
				1CDBD8741CB14B5F006E0105 /* Debug */,
				1CDBD8751CB14B5F006E0105 /* Release */,
			);
			defaultConfigurationIsVisible = 0;
			defaultConfigurationName = Release;
		};
		1CDBD8761CB14B5F006E0105 /* Build configuration list for PBXNativeTarget "TestPod" */ = {
			isa = XCConfigurationList;
			buildConfigurations = (
				1CDBD8771CB14B5F006E0105 /* Debug */,
				1CDBD8781CB14B5F006E0105 /* Release */,
			);
			defaultConfigurationIsVisible = 0;
			defaultConfigurationName = Release;
		};
		1CDBD8791CB14B5F006E0105 /* Build configuration list for PBXNativeTarget "TestPodTests" */ = {
			isa = XCConfigurationList;
			buildConfigurations = (
				1CDBD87A1CB14B5F006E0105 /* Debug */,
				1CDBD87B1CB14B5F006E0105 /* Release */,
			);
			defaultConfigurationIsVisible = 0;
			defaultConfigurationName = Release;
		};
/* End XCConfigurationList section */
	};
	rootObject = 1CDBD8511CB14B5F006E0105 /* Project object */;
}
